// !$*UTF8*$!
{
	archiveVersion = 1;
	classes = {
	};
	objectVersion = 50;
	objects = {

/* Begin PBXBuildFile section */
		5FF813BC22C46B9500AC4781 /* DrawingWithAttachmentsWithUndoRedo.framework in Frameworks */ = {isa = PBXBuildFile; fileRef = 5FF813B222C46B9400AC4781 /* DrawingWithAttachmentsWithUndoRedo.framework */; };
		5FF813C122C46B9500AC4781 /* DrawingWithAttachmentsWithUndoRedoTests.swift in Sources */ = {isa = PBXBuildFile; fileRef = 5FF813C022C46B9500AC4781 /* DrawingWithAttachmentsWithUndoRedoTests.swift */; };
		5FF813C322C46B9500AC4781 /* DrawingWithAttachmentsWithUndoRedo.h in Headers */ = {isa = PBXBuildFile; fileRef = 5FF813B522C46B9400AC4781 /* DrawingWithAttachmentsWithUndoRedo.h */; settings = {ATTRIBUTES = (Public, ); }; };
/* End PBXBuildFile section */

/* Begin PBXContainerItemProxy section */
		5FF813BD22C46B9500AC4781 /* PBXContainerItemProxy */ = {
			isa = PBXContainerItemProxy;
			containerPortal = 5FF813A922C46B9400AC4781 /* Project object */;
			proxyType = 1;
			remoteGlobalIDString = 5FF813B122C46B9400AC4781;
			remoteInfo = DrawingWithAttachmentsWithUndoRedo;
		};
/* End PBXContainerItemProxy section */

/* Begin PBXFileReference section */
		5FF813B222C46B9400AC4781 /* DrawingWithAttachmentsWithUndoRedo.framework */ = {isa = PBXFileReference; explicitFileType = wrapper.framework; includeInIndex = 0; path = DrawingWithAttachmentsWithUndoRedo.framework; sourceTree = BUILT_PRODUCTS_DIR; };
		5FF813B522C46B9400AC4781 /* DrawingWithAttachmentsWithUndoRedo.h */ = {isa = PBXFileReference; lastKnownFileType = sourcecode.c.h; path = DrawingWithAttachmentsWithUndoRedo.h; sourceTree = "<group>"; };
		5FF813B622C46B9400AC4781 /* Info.plist */ = {isa = PBXFileReference; lastKnownFileType = text.plist.xml; path = Info.plist; sourceTree = "<group>"; };
		5FF813BB22C46B9500AC4781 /* DrawingWithAttachmentsWithUndoRedoTests.xctest */ = {isa = PBXFileReference; explicitFileType = wrapper.cfbundle; includeInIndex = 0; path = DrawingWithAttachmentsWithUndoRedoTests.xctest; sourceTree = BUILT_PRODUCTS_DIR; };
		5FF813C022C46B9500AC4781 /* DrawingWithAttachmentsWithUndoRedoTests.swift */ = {isa = PBXFileReference; lastKnownFileType = sourcecode.swift; path = DrawingWithAttachmentsWithUndoRedoTests.swift; sourceTree = "<group>"; };
		5FF813C222C46B9500AC4781 /* Info.plist */ = {isa = PBXFileReference; lastKnownFileType = text.plist.xml; path = Info.plist; sourceTree = "<group>"; };
/* End PBXFileReference section */

/* Begin PBXFrameworksBuildPhase section */
		5FF813AF22C46B9400AC4781 /* Frameworks */ = {
			isa = PBXFrameworksBuildPhase;
			buildActionMask = 2147483647;
			files = (
			);
			runOnlyForDeploymentPostprocessing = 0;
		};
		5FF813B822C46B9500AC4781 /* Frameworks */ = {
			isa = PBXFrameworksBuildPhase;
			buildActionMask = 2147483647;
			files = (
				5FF813BC22C46B9500AC4781 /* DrawingWithAttachmentsWithUndoRedo.framework in Frameworks */,
			);
			runOnlyForDeploymentPostprocessing = 0;
		};
/* End PBXFrameworksBuildPhase section */

/* Begin PBXGroup section */
		5FF813A822C46B9400AC4781 = {
			isa = PBXGroup;
			children = (
				5FF813B422C46B9400AC4781 /* DrawingWithAttachmentsWithUndoRedo */,
				5FF813BF22C46B9500AC4781 /* DrawingWithAttachmentsWithUndoRedoTests */,
				5FF813B322C46B9400AC4781 /* Products */,
			);
			sourceTree = "<group>";
		};
		5FF813B322C46B9400AC4781 /* Products */ = {
			isa = PBXGroup;
			children = (
				5FF813B222C46B9400AC4781 /* DrawingWithAttachmentsWithUndoRedo.framework */,
				5FF813BB22C46B9500AC4781 /* DrawingWithAttachmentsWithUndoRedoTests.xctest */,
			);
			name = Products;
			sourceTree = "<group>";
		};
		5FF813B422C46B9400AC4781 /* DrawingWithAttachmentsWithUndoRedo */ = {
			isa = PBXGroup;
			children = (
				5FF813B522C46B9400AC4781 /* DrawingWithAttachmentsWithUndoRedo.h */,
				5FF813B622C46B9400AC4781 /* Info.plist */,
			);
			path = DrawingWithAttachmentsWithUndoRedo;
			sourceTree = "<group>";
		};
		5FF813BF22C46B9500AC4781 /* DrawingWithAttachmentsWithUndoRedoTests */ = {
			isa = PBXGroup;
			children = (
				5FF813C022C46B9500AC4781 /* DrawingWithAttachmentsWithUndoRedoTests.swift */,
				5FF813C222C46B9500AC4781 /* Info.plist */,
			);
			path = DrawingWithAttachmentsWithUndoRedoTests;
			sourceTree = "<group>";
		};
/* End PBXGroup section */

/* Begin PBXHeadersBuildPhase section */
		5FF813AD22C46B9400AC4781 /* Headers */ = {
			isa = PBXHeadersBuildPhase;
			buildActionMask = 2147483647;
			files = (
				5FF813C322C46B9500AC4781 /* DrawingWithAttachmentsWithUndoRedo.h in Headers */,
			);
			runOnlyForDeploymentPostprocessing = 0;
		};
/* End PBXHeadersBuildPhase section */

/* Begin PBXNativeTarget section */
		5FF813B122C46B9400AC4781 /* DrawingWithAttachmentsWithUndoRedo */ = {
			isa = PBXNativeTarget;
			buildConfigurationList = 5FF813C622C46B9500AC4781 /* Build configuration list for PBXNativeTarget "DrawingWithAttachmentsWithUndoRedo" */;
			buildPhases = (
				5FF813AD22C46B9400AC4781 /* Headers */,
				5FF813AE22C46B9400AC4781 /* Sources */,
				5FF813AF22C46B9400AC4781 /* Frameworks */,
				5FF813B022C46B9400AC4781 /* Resources */,
			);
			buildRules = (
			);
			dependencies = (
			);
			name = DrawingWithAttachmentsWithUndoRedo;
			productName = DrawingWithAttachmentsWithUndoRedo;
			productReference = 5FF813B222C46B9400AC4781 /* DrawingWithAttachmentsWithUndoRedo.framework */;
			productType = "com.apple.product-type.framework";
		};
		5FF813BA22C46B9500AC4781 /* DrawingWithAttachmentsWithUndoRedoTests */ = {
			isa = PBXNativeTarget;
			buildConfigurationList = 5FF813C922C46B9500AC4781 /* Build configuration list for PBXNativeTarget "DrawingWithAttachmentsWithUndoRedoTests" */;
			buildPhases = (
				5FF813B722C46B9500AC4781 /* Sources */,
				5FF813B822C46B9500AC4781 /* Frameworks */,
				5FF813B922C46B9500AC4781 /* Resources */,
			);
			buildRules = (
			);
			dependencies = (
				5FF813BE22C46B9500AC4781 /* PBXTargetDependency */,
			);
			name = DrawingWithAttachmentsWithUndoRedoTests;
			productName = DrawingWithAttachmentsWithUndoRedoTests;
			productReference = 5FF813BB22C46B9500AC4781 /* DrawingWithAttachmentsWithUndoRedoTests.xctest */;
			productType = "com.apple.product-type.bundle.unit-test";
		};
/* End PBXNativeTarget section */

/* Begin PBXProject section */
		5FF813A922C46B9400AC4781 /* Project object */ = {
			isa = PBXProject;
			attributes = {
				LastSwiftUpdateCheck = 1010;
				LastUpgradeCheck = 1010;
				ORGANIZATIONNAME = "Rahul Dange";
				TargetAttributes = {
					5FF813B122C46B9400AC4781 = {
						CreatedOnToolsVersion = 10.1;
					};
					5FF813BA22C46B9500AC4781 = {
						CreatedOnToolsVersion = 10.1;
					};
				};
			};
			buildConfigurationList = 5FF813AC22C46B9400AC4781 /* Build configuration list for PBXProject "DrawingWithAttachmentsWithUndoRedo" */;
			compatibilityVersion = "Xcode 9.3";
			developmentRegion = en;
			hasScannedForEncodings = 0;
			knownRegions = (
				en,
			);
			mainGroup = 5FF813A822C46B9400AC4781;
			productRefGroup = 5FF813B322C46B9400AC4781 /* Products */;
			projectDirPath = "";
			projectRoot = "";
			targets = (
				5FF813B122C46B9400AC4781 /* DrawingWithAttachmentsWithUndoRedo */,
				5FF813BA22C46B9500AC4781 /* DrawingWithAttachmentsWithUndoRedoTests */,
			);
		};
/* End PBXProject section */

/* Begin PBXResourcesBuildPhase section */
		5FF813B022C46B9400AC4781 /* Resources */ = {
			isa = PBXResourcesBuildPhase;
			buildActionMask = 2147483647;
			files = (
			);
			runOnlyForDeploymentPostprocessing = 0;
		};
		5FF813B922C46B9500AC4781 /* Resources */ = {
			isa = PBXResourcesBuildPhase;
			buildActionMask = 2147483647;
			files = (
			);
			runOnlyForDeploymentPostprocessing = 0;
		};
/* End PBXResourcesBuildPhase section */

/* Begin PBXSourcesBuildPhase section */
		5FF813AE22C46B9400AC4781 /* Sources */ = {
			isa = PBXSourcesBuildPhase;
			buildActionMask = 2147483647;
			files = (
			);
			runOnlyForDeploymentPostprocessing = 0;
		};
		5FF813B722C46B9500AC4781 /* Sources */ = {
			isa = PBXSourcesBuildPhase;
			buildActionMask = 2147483647;
			files = (
				5FF813C122C46B9500AC4781 /* DrawingWithAttachmentsWithUndoRedoTests.swift in Sources */,
			);
			runOnlyForDeploymentPostprocessing = 0;
		};
/* End PBXSourcesBuildPhase section */

/* Begin PBXTargetDependency section */
		5FF813BE22C46B9500AC4781 /* PBXTargetDependency */ = {
			isa = PBXTargetDependency;
			target = 5FF813B122C46B9400AC4781 /* DrawingWithAttachmentsWithUndoRedo */;
			targetProxy = 5FF813BD22C46B9500AC4781 /* PBXContainerItemProxy */;
		};
/* End PBXTargetDependency section */

/* Begin XCBuildConfiguration section */
		5FF813C422C46B9500AC4781 /* Debug */ = {
			isa = XCBuildConfiguration;
			buildSettings = {
				ALWAYS_SEARCH_USER_PATHS = NO;
				CLANG_ANALYZER_NONNULL = YES;
				CLANG_ANALYZER_NUMBER_OBJECT_CONVERSION = YES_AGGRESSIVE;
				CLANG_CXX_LANGUAGE_STANDARD = "gnu++14";
				CLANG_CXX_LIBRARY = "libc++";
				CLANG_ENABLE_MODULES = YES;
				CLANG_ENABLE_OBJC_ARC = YES;
				CLANG_ENABLE_OBJC_WEAK = YES;
				CLANG_WARN_BLOCK_CAPTURE_AUTORELEASING = YES;
				CLANG_WARN_BOOL_CONVERSION = YES;
				CLANG_WARN_COMMA = YES;
				CLANG_WARN_CONSTANT_CONVERSION = YES;
				CLANG_WARN_DEPRECATED_OBJC_IMPLEMENTATIONS = YES;
				CLANG_WARN_DIRECT_OBJC_ISA_USAGE = YES_ERROR;
				CLANG_WARN_DOCUMENTATION_COMMENTS = YES;
				CLANG_WARN_EMPTY_BODY = YES;
				CLANG_WARN_ENUM_CONVERSION = YES;
				CLANG_WARN_INFINITE_RECURSION = YES;
				CLANG_WARN_INT_CONVERSION = YES;
				CLANG_WARN_NON_LITERAL_NULL_CONVERSION = YES;
				CLANG_WARN_OBJC_IMPLICIT_RETAIN_SELF = YES;
				CLANG_WARN_OBJC_LITERAL_CONVERSION = YES;
				CLANG_WARN_OBJC_ROOT_CLASS = YES_ERROR;
				CLANG_WARN_RANGE_LOOP_ANALYSIS = YES;
				CLANG_WARN_STRICT_PROTOTYPES = YES;
				CLANG_WARN_SUSPICIOUS_MOVE = YES;
				CLANG_WARN_UNGUARDED_AVAILABILITY = YES_AGGRESSIVE;
				CLANG_WARN_UNREACHABLE_CODE = YES;
				CLANG_WARN__DUPLICATE_METHOD_MATCH = YES;
				CODE_SIGN_IDENTITY = "iPhone Developer";
				COPY_PHASE_STRIP = NO;
				CURRENT_PROJECT_VERSION = 1;
				DEBUG_INFORMATION_FORMAT = dwarf;
				ENABLE_STRICT_OBJC_MSGSEND = YES;
				ENABLE_TESTABILITY = YES;
				GCC_C_LANGUAGE_STANDARD = gnu11;
				GCC_DYNAMIC_NO_PIC = NO;
				GCC_NO_COMMON_BLOCKS = YES;
				GCC_OPTIMIZATION_LEVEL = 0;
				GCC_PREPROCESSOR_DEFINITIONS = (
					"DEBUG=1",
					"$(inherited)",
				);
				GCC_WARN_64_TO_32_BIT_CONVERSION = YES;
				GCC_WARN_ABOUT_RETURN_TYPE = YES_ERROR;
				GCC_WARN_UNDECLARED_SELECTOR = YES;
				GCC_WARN_UNINITIALIZED_AUTOS = YES_AGGRESSIVE;
				GCC_WARN_UNUSED_FUNCTION = YES;
				GCC_WARN_UNUSED_VARIABLE = YES;
				IPHONEOS_DEPLOYMENT_TARGET = 12.1;
				MTL_ENABLE_DEBUG_INFO = INCLUDE_SOURCE;
				MTL_FAST_MATH = YES;
				ONLY_ACTIVE_ARCH = YES;
				SDKROOT = iphoneos;
				SWIFT_ACTIVE_COMPILATION_CONDITIONS = DEBUG;
				SWIFT_OPTIMIZATION_LEVEL = "-Onone";
				VERSIONING_SYSTEM = "apple-generic";
				VERSION_INFO_PREFIX = "";
			};
			name = Debug;
		};
		5FF813C522C46B9500AC4781 /* Release */ = {
			isa = XCBuildConfiguration;
			buildSettings = {
				ALWAYS_SEARCH_USER_PATHS = NO;
				CLANG_ANALYZER_NONNULL = YES;
				CLANG_ANALYZER_NUMBER_OBJECT_CONVERSION = YES_AGGRESSIVE;
				CLANG_CXX_LANGUAGE_STANDARD = "gnu++14";
				CLANG_CXX_LIBRARY = "libc++";
				CLANG_ENABLE_MODULES = YES;
				CLANG_ENABLE_OBJC_ARC = YES;
				CLANG_ENABLE_OBJC_WEAK = YES;
				CLANG_WARN_BLOCK_CAPTURE_AUTORELEASING = YES;
				CLANG_WARN_BOOL_CONVERSION = YES;
				CLANG_WARN_COMMA = YES;
				CLANG_WARN_CONSTANT_CONVERSION = YES;
				CLANG_WARN_DEPRECATED_OBJC_IMPLEMENTATIONS = YES;
				CLANG_WARN_DIRECT_OBJC_ISA_USAGE = YES_ERROR;
				CLANG_WARN_DOCUMENTATION_COMMENTS = YES;
				CLANG_WARN_EMPTY_BODY = YES;
				CLANG_WARN_ENUM_CONVERSION = YES;
				CLANG_WARN_INFINITE_RECURSION = YES;
				CLANG_WARN_INT_CONVERSION = YES;
				CLANG_WARN_NON_LITERAL_NULL_CONVERSION = YES;
				CLANG_WARN_OBJC_IMPLICIT_RETAIN_SELF = YES;
				CLANG_WARN_OBJC_LITERAL_CONVERSION = YES;
				CLANG_WARN_OBJC_ROOT_CLASS = YES_ERROR;
				CLANG_WARN_RANGE_LOOP_ANALYSIS = YES;
				CLANG_WARN_STRICT_PROTOTYPES = YES;
				CLANG_WARN_SUSPICIOUS_MOVE = YES;
				CLANG_WARN_UNGUARDED_AVAILABILITY = YES_AGGRESSIVE;
				CLANG_WARN_UNREACHABLE_CODE = YES;
				CLANG_WARN__DUPLICATE_METHOD_MATCH = YES;
				CODE_SIGN_IDENTITY = "iPhone Developer";
				COPY_PHASE_STRIP = NO;
				CURRENT_PROJECT_VERSION = 1;
				DEBUG_INFORMATION_FORMAT = "dwarf-with-dsym";
				ENABLE_NS_ASSERTIONS = NO;
				ENABLE_STRICT_OBJC_MSGSEND = YES;
				GCC_C_LANGUAGE_STANDARD = gnu11;
				GCC_NO_COMMON_BLOCKS = YES;
				GCC_WARN_64_TO_32_BIT_CONVERSION = YES;
				GCC_WARN_ABOUT_RETURN_TYPE = YES_ERROR;
				GCC_WARN_UNDECLARED_SELECTOR = YES;
				GCC_WARN_UNINITIALIZED_AUTOS = YES_AGGRESSIVE;
				GCC_WARN_UNUSED_FUNCTION = YES;
				GCC_WARN_UNUSED_VARIABLE = YES;
				IPHONEOS_DEPLOYMENT_TARGET = 12.1;
				MTL_ENABLE_DEBUG_INFO = NO;
				MTL_FAST_MATH = YES;
				SDKROOT = iphoneos;
				SWIFT_COMPILATION_MODE = wholemodule;
				SWIFT_OPTIMIZATION_LEVEL = "-O";
				VALIDATE_PRODUCT = YES;
				VERSIONING_SYSTEM = "apple-generic";
				VERSION_INFO_PREFIX = "";
			};
			name = Release;
		};
		5FF813C722C46B9500AC4781 /* Debug */ = {
			isa = XCBuildConfiguration;
			buildSettings = {
				CODE_SIGN_IDENTITY = "";
				CODE_SIGN_STYLE = Automatic;
				DEFINES_MODULE = YES;
				DEVELOPMENT_TEAM = 53XT5T6645;
				DYLIB_COMPATIBILITY_VERSION = 1;
				DYLIB_CURRENT_VERSION = 1;
				DYLIB_INSTALL_NAME_BASE = "@rpath";
				INFOPLIST_FILE = DrawingWithAttachmentsWithUndoRedo/Info.plist;
				INSTALL_PATH = "$(LOCAL_LIBRARY_DIR)/Frameworks";
				LD_RUNPATH_SEARCH_PATHS = (
					"$(inherited)",
					"@executable_path/Frameworks",
					"@loader_path/Frameworks",
				);
				PRODUCT_BUNDLE_IDENTIFIER = com.rs.DrawingWithAttachmentsWithUndoRedo;
				PRODUCT_NAME = "$(TARGET_NAME:c99extidentifier)";
				SKIP_INSTALL = YES;
				SWIFT_VERSION = 4.2;
				TARGETED_DEVICE_FAMILY = "1,2";
			};
			name = Debug;
		};
		5FF813C822C46B9500AC4781 /* Release */ = {
			isa = XCBuildConfiguration;
			buildSettings = {
				CODE_SIGN_IDENTITY = "";
				CODE_SIGN_STYLE = Automatic;
				DEFINES_MODULE = YES;
				DEVELOPMENT_TEAM = 53XT5T6645;
				DYLIB_COMPATIBILITY_VERSION = 1;
				DYLIB_CURRENT_VERSION = 1;
				DYLIB_INSTALL_NAME_BASE = "@rpath";
				INFOPLIST_FILE = DrawingWithAttachmentsWithUndoRedo/Info.plist;
				INSTALL_PATH = "$(LOCAL_LIBRARY_DIR)/Frameworks";
				LD_RUNPATH_SEARCH_PATHS = (
					"$(inherited)",
					"@executable_path/Frameworks",
					"@loader_path/Frameworks",
				);
				PRODUCT_BUNDLE_IDENTIFIER = com.rs.DrawingWithAttachmentsWithUndoRedo;
				PRODUCT_NAME = "$(TARGET_NAME:c99extidentifier)";
				SKIP_INSTALL = YES;
				SWIFT_VERSION = 4.2;
				TARGETED_DEVICE_FAMILY = "1,2";
			};
			name = Release;
		};
		5FF813CA22C46B9500AC4781 /* Debug */ = {
			isa = XCBuildConfiguration;
			buildSettings = {
				CODE_SIGN_STYLE = Automatic;
				DEVELOPMENT_TEAM = 53XT5T6645;
				INFOPLIST_FILE = DrawingWithAttachmentsWithUndoRedoTests/Info.plist;
				LD_RUNPATH_SEARCH_PATHS = (
					"$(inherited)",
					"@executable_path/Frameworks",
					"@loader_path/Frameworks",
				);
				PRODUCT_BUNDLE_IDENTIFIER = com.rs.DrawingWithAttachmentsWithUndoRedoTests;
				PRODUCT_NAME = "$(TARGET_NAME)";
				SWIFT_VERSION = 4.2;
				TARGETED_DEVICE_FAMILY = "1,2";
			};
			name = Debug;
		};
		5FF813CB22C46B9500AC4781 /* Release */ = {
			isa = XCBuildConfiguration;
			buildSettings = {
				CODE_SIGN_STYLE = Automatic;
				DEVELOPMENT_TEAM = 53XT5T6645;
				INFOPLIST_FILE = DrawingWithAttachmentsWithUndoRedoTests/Info.plist;
				LD_RUNPATH_SEARCH_PATHS = (
					"$(inherited)",
					"@executable_path/Frameworks",
					"@loader_path/Frameworks",
				);
				PRODUCT_BUNDLE_IDENTIFIER = com.rs.DrawingWithAttachmentsWithUndoRedoTests;
				PRODUCT_NAME = "$(TARGET_NAME)";
				SWIFT_VERSION = 4.2;
				TARGETED_DEVICE_FAMILY = "1,2";
			};
			name = Release;
		};
/* End XCBuildConfiguration section */

/* Begin XCConfigurationList section */
		5FF813AC22C46B9400AC4781 /* Build configuration list for PBXProject "DrawingWithAttachmentsWithUndoRedo" */ = {
			isa = XCConfigurationList;
			buildConfigurations = (
				5FF813C422C46B9500AC4781 /* Debug */,
				5FF813C522C46B9500AC4781 /* Release */,
			);
			defaultConfigurationIsVisible = 0;
			defaultConfigurationName = Release;
		};
		5FF813C622C46B9500AC4781 /* Build configuration list for PBXNativeTarget "DrawingWithAttachmentsWithUndoRedo" */ = {
			isa = XCConfigurationList;
			buildConfigurations = (
				5FF813C722C46B9500AC4781 /* Debug */,
				5FF813C822C46B9500AC4781 /* Release */,
			);
			defaultConfigurationIsVisible = 0;
			defaultConfigurationName = Release;
		};
		5FF813C922C46B9500AC4781 /* Build configuration list for PBXNativeTarget "DrawingWithAttachmentsWithUndoRedoTests" */ = {
			isa = XCConfigurationList;
			buildConfigurations = (
				5FF813CA22C46B9500AC4781 /* Debug */,
				5FF813CB22C46B9500AC4781 /* Release */,
			);
			defaultConfigurationIsVisible = 0;
			defaultConfigurationName = Release;
		};
/* End XCConfigurationList section */
	};
	rootObject = 5FF813A922C46B9400AC4781 /* Project object */;
}
